
Microsoft Visual Studio Solution File, Format Version 12.00
# Visual Studio 14
VisualStudioVersion = 14.0.25420.1
MinimumVisualStudioVersion = 10.0.40219.1
Project("{FAE04EC0-301F-11D3-BF4B-00C04F79EFBC}") = "WebApi", "WebApi\WebApi.csproj", "{63D57862-ADD3-41AA-8757-03CA3E0F2AE5}"
EndProject
Project("{FAE04EC0-301F-11D3-BF4B-00C04F79EFBC}") = "DataAccess", "DataAccess\DataAccess.csproj", "{377B4C03-4905-47A9-810C-050FCE7C243E}"
EndProject
Global
	GlobalSection(SolutionConfigurationPlatforms) = preSolution
		Debug|Any CPU = Debug|Any CPU
		Release|Any CPU = Release|Any CPU
	EndGlobalSection
	GlobalSection(ProjectConfigurationPlatforms) = postSolution
		{63D57862-ADD3-41AA-8757-03CA3E0F2AE5}.Debug|Any CPU.ActiveCfg = Debug|Any CPU
		{63D57862-ADD3-41AA-8757-03CA3E0F2AE5}.Debug|Any CPU.Build.0 = Debug|Any CPU
		{63D57862-ADD3-41AA-8757-03CA3E0F2AE5}.Release|Any CPU.ActiveCfg = Release|Any CPU
		{63D57862-ADD3-41AA-8757-03CA3E0F2AE5}.Release|Any CPU.Build.0 = Release|Any CPU
		{377B4C03-4905-47A9-810C-050FCE7C243E}.Debug|Any CPU.ActiveCfg = Debug|Any CPU
		{377B4C03-4905-47A9-810C-050FCE7C243E}.Debug|Any CPU.Build.0 = Debug|Any CPU
		{377B4C03-4905-47A9-810C-050FCE7C243E}.Release|Any CPU.ActiveCfg = Release|Any CPU
		{377B4C03-4905-47A9-810C-050FCE7C243E}.Release|Any CPU.Build.0 = Release|Any CPU
	EndGlobalSection
	GlobalSection(SolutionProperties) = preSolution
		HideSolutionNode = FALSE
	EndGlobalSection
EndGlobal
